
Microsoft Visual Studio Solution File, Format Version 12.00
# Visual Studio 15
VisualStudioVersion = 15.0.27428.2037
MinimumVisualStudioVersion = 10.0.40219.1
Project("{FAE04EC0-301F-11D3-BF4B-00C04F79EFBC}") = "SupervisorioV3", "SupervisorioV3\SupervisorioV3.csproj", "{F3F3CB56-F41A-46DA-B19D-6EF22F1081EB}"
EndProject
Global
	GlobalSection(SolutionConfigurationPlatforms) = preSolution
		Debug|Any CPU = Debug|Any CPU
		Release|Any CPU = Release|Any CPU
	EndGlobalSection
	GlobalSection(ProjectConfigurationPlatforms) = postSolution
		{F3F3CB56-F41A-46DA-B19D-6EF22F1081EB}.Debug|Any CPU.ActiveCfg = Debug|Any CPU
		{F3F3CB56-F41A-46DA-B19D-6EF22F1081EB}.Debug|Any CPU.Build.0 = Debug|Any CPU
		{F3F3CB56-F41A-46DA-B19D-6EF22F1081EB}.Release|Any CPU.ActiveCfg = Release|Any CPU
		{F3F3CB56-F41A-46DA-B19D-6EF22F1081EB}.Release|Any CPU.Build.0 = Release|Any CPU
	EndGlobalSection
	GlobalSection(SolutionProperties) = preSolution
		HideSolutionNode = FALSE
	EndGlobalSection
	GlobalSection(ExtensibilityGlobals) = postSolution
		SolutionGuid = {4494E9E9-D4EF-487D-BCC8-0D6497863A31}
	EndGlobalSection
EndGlobal
